// !$*UTF8*$!
{
	archiveVersion = 1;
	classes = {
	};
	objectVersion = 46;
	objects = {

/* Begin PBXBuildFile section */
		2E189E6E184E25C000FDDCBB /* Foundation.framework in Frameworks */ = {isa = PBXBuildFile; fileRef = 2E189E6D184E25C000FDDCBB /* Foundation.framework */; };
		2E189E70184E25C000FDDCBB /* CoreGraphics.framework in Frameworks */ = {isa = PBXBuildFile; fileRef = 2E189E6F184E25C000FDDCBB /* CoreGraphics.framework */; };
		2E189E72184E25C000FDDCBB /* UIKit.framework in Frameworks */ = {isa = PBXBuildFile; fileRef = 2E189E71184E25C000FDDCBB /* UIKit.framework */; };
		2E189E78184E25C000FDDCBB /* InfoPlist.strings in Resources */ = {isa = PBXBuildFile; fileRef = 2E189E76184E25C000FDDCBB /* InfoPlist.strings */; };
		2E189E7A184E25C000FDDCBB /* main.m in Sources */ = {isa = PBXBuildFile; fileRef = 2E189E79184E25C000FDDCBB /* main.m */; };
		2E189E7E184E25C000FDDCBB /* AppDelegate.m in Sources */ = {isa = PBXBuildFile; fileRef = 2E189E7D184E25C000FDDCBB /* AppDelegate.m */; };
		2E189E81184E25C000FDDCBB /* Main.storyboard in Resources */ = {isa = PBXBuildFile; fileRef = 2E189E7F184E25C000FDDCBB /* Main.storyboard */; };
		2E189E84184E25C000FDDCBB /* RootViewController.m in Sources */ = {isa = PBXBuildFile; fileRef = 2E189E83184E25C000FDDCBB /* RootViewController.m */; };
		2E189E86184E25C000FDDCBB /* Images.xcassets in Resources */ = {isa = PBXBuildFile; fileRef = 2E189E85184E25C000FDDCBB /* Images.xcassets */; };
		2E189E8D184E25C000FDDCBB /* XCTest.framework in Frameworks */ = {isa = PBXBuildFile; fileRef = 2E189E8C184E25C000FDDCBB /* XCTest.framework */; };
		2E189E8E184E25C000FDDCBB /* Foundation.framework in Frameworks */ = {isa = PBXBuildFile; fileRef = 2E189E6D184E25C000FDDCBB /* Foundation.framework */; };
		2E189E8F184E25C000FDDCBB /* UIKit.framework in Frameworks */ = {isa = PBXBuildFile; fileRef = 2E189E71184E25C000FDDCBB /* UIKit.framework */; };
		2E189E97184E25C000FDDCBB /* InfoPlist.strings in Resources */ = {isa = PBXBuildFile; fileRef = 2E189E95184E25C000FDDCBB /* InfoPlist.strings */; };
		2E189E99184E25C000FDDCBB /* HotelProjectTests.m in Sources */ = {isa = PBXBuildFile; fileRef = 2E189E98184E25C000FDDCBB /* HotelProjectTests.m */; };
		2E189EA4184E27B600FDDCBB /* BaseViewController.m in Sources */ = {isa = PBXBuildFile; fileRef = 2E189EA3184E27B600FDDCBB /* BaseViewController.m */; };
		2E189EA7184E27CA00FDDCBB /* ViewController1.m in Sources */ = {isa = PBXBuildFile; fileRef = 2E189EA6184E27CA00FDDCBB /* ViewController1.m */; };
		2E189EAA184E27DD00FDDCBB /* ViewController2.m in Sources */ = {isa = PBXBuildFile; fileRef = 2E189EA9184E27DD00FDDCBB /* ViewController2.m */; };
		2E189EAD184E27E700FDDCBB /* ViewController3.m in Sources */ = {isa = PBXBuildFile; fileRef = 2E189EAC184E27E700FDDCBB /* ViewController3.m */; };
		2E189EB0184E27F200FDDCBB /* ViewController4.m in Sources */ = {isa = PBXBuildFile; fileRef = 2E189EAF184E27F200FDDCBB /* ViewController4.m */; };
		2E189EB3184E27FB00FDDCBB /* ViewController5.m in Sources */ = {isa = PBXBuildFile; fileRef = 2E189EB2184E27FB00FDDCBB /* ViewController5.m */; };
		2E189EB9184E30BF00FDDCBB /* UIViewController+Extension.m in Sources */ = {isa = PBXBuildFile; fileRef = 2E189EB8184E30BF00FDDCBB /* UIViewController+Extension.m */; };
		2E189EC0184E349200FDDCBB /* icon_1.png in Resources */ = {isa = PBXBuildFile; fileRef = 2E189EBE184E349200FDDCBB /* icon_1.png */; };
		2E189EC1184E349200FDDCBB /* icon_1@2x.png in Resources */ = {isa = PBXBuildFile; fileRef = 2E189EBF184E349200FDDCBB /* icon_1@2x.png */; };
		2E189EC4184E359200FDDCBB /* Tool.m in Sources */ = {isa = PBXBuildFile; fileRef = 2E189EC3184E359200FDDCBB /* Tool.m */; };
		2E189EC7184E361B00FDDCBB /* icon_back.png in Resources */ = {isa = PBXBuildFile; fileRef = 2E189EC5184E361B00FDDCBB /* icon_back.png */; };
		2E189EC8184E361B00FDDCBB /* icon_back_1.png in Resources */ = {isa = PBXBuildFile; fileRef = 2E189EC6184E361B00FDDCBB /* icon_back_1.png */; };
		2E189ECE184E368A00FDDCBB /* success.png in Resources */ = {isa = PBXBuildFile; fileRef = 2E189ECA184E368A00FDDCBB /* success.png */; };
		2E189ECF184E368A00FDDCBB /* success@2x.png in Resources */ = {isa = PBXBuildFile; fileRef = 2E189ECB184E368A00FDDCBB /* success@2x.png */; };
		2E189ED0184E368A00FDDCBB /* MBProgressHUD.m in Sources */ = {isa = PBXBuildFile; fileRef = 2E189ECD184E368A00FDDCBB /* MBProgressHUD.m */; };
		2E9747C4184F97E7007E2335 /* icon_4@2x.png in Resources */ = {isa = PBXBuildFile; fileRef = 2E9747C3184F97E7007E2335 /* icon_4@2x.png */; };
		2E9747C6184F983D007E2335 /* icon_4.png in Resources */ = {isa = PBXBuildFile; fileRef = 2E9747C5184F983D007E2335 /* icon_4.png */; };
		2E9747C9184F98EB007E2335 /* icon_6@2x.png in Resources */ = {isa = PBXBuildFile; fileRef = 2E9747C7184F98EB007E2335 /* icon_6@2x.png */; };
		2E9747CA184F98EB007E2335 /* icon_5@2x.png in Resources */ = {isa = PBXBuildFile; fileRef = 2E9747C8184F98EB007E2335 /* icon_5@2x.png */; };
		2E9747CD184F9957007E2335 /* icon_5.png in Resources */ = {isa = PBXBuildFile; fileRef = 2E9747CB184F9957007E2335 /* icon_5.png */; };
		2E9747CE184F9957007E2335 /* icon_6.png in Resources */ = {isa = PBXBuildFile; fileRef = 2E9747CC184F9957007E2335 /* icon_6.png */; };
		2E9747D1184F9CBB007E2335 /* icon_7_1@2x.png in Resources */ = {isa = PBXBuildFile; fileRef = 2E9747CF184F9CBB007E2335 /* icon_7_1@2x.png */; };
		2E9747D2184F9CBB007E2335 /* icon_7@2x.png in Resources */ = {isa = PBXBuildFile; fileRef = 2E9747D0184F9CBB007E2335 /* icon_7@2x.png */; };
		2E9747D5184F9EEC007E2335 /* PriceLabel.m in Sources */ = {isa = PBXBuildFile; fileRef = 2E9747D4184F9EEC007E2335 /* PriceLabel.m */; };
		A000A38D18502FA500E30646 /* icon1.9.png in Resources */ = {isa = PBXBuildFile; fileRef = A000A38718502FA500E30646 /* icon1.9.png */; };
		A000A38E18502FA500E30646 /* icon2.9.png in Resources */ = {isa = PBXBuildFile; fileRef = A000A38818502FA500E30646 /* icon2.9.png */; };
		A000A38F18502FA500E30646 /* icon3.9.png in Resources */ = {isa = PBXBuildFile; fileRef = A000A38918502FA500E30646 /* icon3.9.png */; };
		A000A39018502FA500E30646 /* icon4.9.png in Resources */ = {isa = PBXBuildFile; fileRef = A000A38A18502FA500E30646 /* icon4.9.png */; };
		A000A39118502FA500E30646 /* icon5.9.png in Resources */ = {isa = PBXBuildFile; fileRef = A000A38B18502FA500E30646 /* icon5.9.png */; };
		A000A39218502FA500E30646 /* icon6.9.png in Resources */ = {isa = PBXBuildFile; fileRef = A000A38C18502FA500E30646 /* icon6.9.png */; };
		A05D2916184EE622009F743F /* icon_2@2x.png in Resources */ = {isa = PBXBuildFile; fileRef = A05D2915184EE622009F743F /* icon_2@2x.png */; };
		A05D2918184EE639009F743F /* icon_2.png in Resources */ = {isa = PBXBuildFile; fileRef = A05D2917184EE639009F743F /* icon_2.png */; };
		A05D291B184EE717009F743F /* icon_3_1@2x.png in Resources */ = {isa = PBXBuildFile; fileRef = A05D2919184EE717009F743F /* icon_3_1@2x.png */; };
		A05D291C184EE717009F743F /* icon_3@2x.png in Resources */ = {isa = PBXBuildFile; fileRef = A05D291A184EE717009F743F /* icon_3@2x.png */; };
		A05D291F184EE739009F743F /* icon_3_1.png in Resources */ = {isa = PBXBuildFile; fileRef = A05D291D184EE739009F743F /* icon_3_1.png */; };
		A05D2920184EE739009F743F /* icon_3.png in Resources */ = {isa = PBXBuildFile; fileRef = A05D291E184EE739009F743F /* icon_3.png */; };
		A05D2923184EEB80009F743F /* FBBannerView.m in Sources */ = {isa = PBXBuildFile; fileRef = A05D2922184EEB80009F743F /* FBBannerView.m */; };
		A05D2926184EEBA2009F743F /* FBPageControl.m in Sources */ = {isa = PBXBuildFile; fileRef = A05D2925184EEBA2009F743F /* FBPageControl.m */; };
		A05D2945184EF639009F743F /* MKAnnotationView+WebCache.m in Sources */ = {isa = PBXBuildFile; fileRef = A05D2929184EF639009F743F /* MKAnnotationView+WebCache.m */; };
		A05D2946184EF639009F743F /* NSData+GIF.m in Sources */ = {isa = PBXBuildFile; fileRef = A05D292B184EF639009F743F /* NSData+GIF.m */; };
		A05D2947184EF639009F743F /* SDImageCache.m in Sources */ = {isa = PBXBuildFile; fileRef = A05D292D184EF639009F743F /* SDImageCache.m */; };
		A05D2948184EF639009F743F /* SDWebImageCompat.m in Sources */ = {isa = PBXBuildFile; fileRef = A05D292F184EF639009F743F /* SDWebImageCompat.m */; };
		A05D2949184EF639009F743F /* SDWebImageDecoder.m in Sources */ = {isa = PBXBuildFile; fileRef = A05D2931184EF639009F743F /* SDWebImageDecoder.m */; };
		A05D294A184EF639009F743F /* SDWebImageDownloader.m in Sources */ = {isa = PBXBuildFile; fileRef = A05D2933184EF639009F743F /* SDWebImageDownloader.m */; };
		A05D294B184EF639009F743F /* SDWebImageDownloaderOperation.m in Sources */ = {isa = PBXBuildFile; fileRef = A05D2935184EF639009F743F /* SDWebImageDownloaderOperation.m */; };
		A05D294C184EF639009F743F /* SDWebImageManager.m in Sources */ = {isa = PBXBuildFile; fileRef = A05D2937184EF639009F743F /* SDWebImageManager.m */; };
		A05D294D184EF639009F743F /* SDWebImagePrefetcher.m in Sources */ = {isa = PBXBuildFile; fileRef = A05D293A184EF639009F743F /* SDWebImagePrefetcher.m */; };
		A05D294E184EF639009F743F /* UIButton+WebCache.m in Sources */ = {isa = PBXBuildFile; fileRef = A05D293C184EF639009F743F /* UIButton+WebCache.m */; };
		A05D294F184EF639009F743F /* UIImage+GIF.m in Sources */ = {isa = PBXBuildFile; fileRef = A05D293E184EF639009F743F /* UIImage+GIF.m */; };
		A05D2950184EF639009F743F /* UIImage+MultiFormat.m in Sources */ = {isa = PBXBuildFile; fileRef = A05D2940184EF639009F743F /* UIImage+MultiFormat.m */; };
		A05D2951184EF639009F743F /* UIImage+WebP.m in Sources */ = {isa = PBXBuildFile; fileRef = A05D2942184EF639009F743F /* UIImage+WebP.m */; };
		A05D2952184EF639009F743F /* UIImageView+WebCache.m in Sources */ = {isa = PBXBuildFile; fileRef = A05D2944184EF639009F743F /* UIImageView+WebCache.m */; };
/* End PBXBuildFile section */

/* Begin PBXContainerItemProxy section */
		2E189E90184E25C000FDDCBB /* PBXContainerItemProxy */ = {
			isa = PBXContainerItemProxy;
			containerPortal = 2E189E62184E25C000FDDCBB /* Project object */;
			proxyType = 1;
			remoteGlobalIDString = 2E189E69184E25C000FDDCBB;
			remoteInfo = HotelProject;
		};
/* End PBXContainerItemProxy section */

/* Begin PBXFileReference section */
		2E189E6A184E25C000FDDCBB /* HotelProject.app */ = {isa = PBXFileReference; explicitFileType = wrapper.application; includeInIndex = 0; path = HotelProject.app; sourceTree = BUILT_PRODUCTS_DIR; };
		2E189E6D184E25C000FDDCBB /* Foundation.framework */ = {isa = PBXFileReference; lastKnownFileType = wrapper.framework; name = Foundation.framework; path = System/Library/Frameworks/Foundation.framework; sourceTree = SDKROOT; };
		2E189E6F184E25C000FDDCBB /* CoreGraphics.framework */ = {isa = PBXFileReference; lastKnownFileType = wrapper.framework; name = CoreGraphics.framework; path = System/Library/Frameworks/CoreGraphics.framework; sourceTree = SDKROOT; };
		2E189E71184E25C000FDDCBB /* UIKit.framework */ = {isa = PBXFileReference; lastKnownFileType = wrapper.framework; name = UIKit.framework; path = System/Library/Frameworks/UIKit.framework; sourceTree = SDKROOT; };
		2E189E75184E25C000FDDCBB /* HotelProject-Info.plist */ = {isa = PBXFileReference; lastKnownFileType = text.plist.xml; path = "HotelProject-Info.plist"; sourceTree = "<group>"; };
		2E189E77184E25C000FDDCBB /* en */ = {isa = PBXFileReference; lastKnownFileType = text.plist.strings; name = en; path = en.lproj/InfoPlist.strings; sourceTree = "<group>"; };
		2E189E79184E25C000FDDCBB /* main.m */ = {isa = PBXFileReference; lastKnownFileType = sourcecode.c.objc; path = main.m; sourceTree = "<group>"; };
		2E189E7B184E25C000FDDCBB /* HotelProject-Prefix.pch */ = {isa = PBXFileReference; lastKnownFileType = sourcecode.c.h; path = "HotelProject-Prefix.pch"; sourceTree = "<group>"; };
		2E189E7C184E25C000FDDCBB /* AppDelegate.h */ = {isa = PBXFileReference; lastKnownFileType = sourcecode.c.h; path = AppDelegate.h; sourceTree = "<group>"; };
		2E189E7D184E25C000FDDCBB /* AppDelegate.m */ = {isa = PBXFileReference; lastKnownFileType = sourcecode.c.objc; path = AppDelegate.m; sourceTree = "<group>"; };
		2E189E80184E25C000FDDCBB /* Base */ = {isa = PBXFileReference; lastKnownFileType = file.storyboard; name = Base; path = Base.lproj/Main.storyboard; sourceTree = "<group>"; };
		2E189E82184E25C000FDDCBB /* RootViewController.h */ = {isa = PBXFileReference; lastKnownFileType = sourcecode.c.h; path = RootViewController.h; sourceTree = "<group>"; };
		2E189E83184E25C000FDDCBB /* RootViewController.m */ = {isa = PBXFileReference; lastKnownFileType = sourcecode.c.objc; path = RootViewController.m; sourceTree = "<group>"; };
		2E189E85184E25C000FDDCBB /* Images.xcassets */ = {isa = PBXFileReference; lastKnownFileType = folder.assetcatalog; path = Images.xcassets; sourceTree = "<group>"; };
		2E189E8B184E25C000FDDCBB /* HotelProjectTests.xctest */ = {isa = PBXFileReference; explicitFileType = wrapper.cfbundle; includeInIndex = 0; path = HotelProjectTests.xctest; sourceTree = BUILT_PRODUCTS_DIR; };
		2E189E8C184E25C000FDDCBB /* XCTest.framework */ = {isa = PBXFileReference; lastKnownFileType = wrapper.framework; name = XCTest.framework; path = Library/Frameworks/XCTest.framework; sourceTree = DEVELOPER_DIR; };
		2E189E94184E25C000FDDCBB /* HotelProjectTests-Info.plist */ = {isa = PBXFileReference; lastKnownFileType = text.plist.xml; path = "HotelProjectTests-Info.plist"; sourceTree = "<group>"; };
		2E189E96184E25C000FDDCBB /* en */ = {isa = PBXFileReference; lastKnownFileType = text.plist.strings; name = en; path = en.lproj/InfoPlist.strings; sourceTree = "<group>"; };
		2E189E98184E25C000FDDCBB /* HotelProjectTests.m */ = {isa = PBXFileReference; lastKnownFileType = sourcecode.c.objc; path = HotelProjectTests.m; sourceTree = "<group>"; };
		2E189EA2184E27B600FDDCBB /* BaseViewController.h */ = {isa = PBXFileReference; fileEncoding = 4; lastKnownFileType = sourcecode.c.h; path = BaseViewController.h; sourceTree = "<group>"; };
		2E189EA3184E27B600FDDCBB /* BaseViewController.m */ = {isa = PBXFileReference; fileEncoding = 4; lastKnownFileType = sourcecode.c.objc; path = BaseViewController.m; sourceTree = "<group>"; };
		2E189EA5184E27CA00FDDCBB /* ViewController1.h */ = {isa = PBXFileReference; fileEncoding = 4; lastKnownFileType = sourcecode.c.h; path = ViewController1.h; sourceTree = "<group>"; };
		2E189EA6184E27CA00FDDCBB /* ViewController1.m */ = {isa = PBXFileReference; fileEncoding = 4; lastKnownFileType = sourcecode.c.objc; path = ViewController1.m; sourceTree = "<group>"; };
		2E189EA8184E27DD00FDDCBB /* ViewController2.h */ = {isa = PBXFileReference; fileEncoding = 4; lastKnownFileType = sourcecode.c.h; path = ViewController2.h; sourceTree = "<group>"; };
		2E189EA9184E27DD00FDDCBB /* ViewController2.m */ = {isa = PBXFileReference; fileEncoding = 4; lastKnownFileType = sourcecode.c.objc; path = ViewController2.m; sourceTree = "<group>"; };
		2E189EAB184E27E700FDDCBB /* ViewController3.h */ = {isa = PBXFileReference; fileEncoding = 4; lastKnownFileType = sourcecode.c.h; path = ViewController3.h; sourceTree = "<group>"; };
		2E189EAC184E27E700FDDCBB /* ViewController3.m */ = {isa = PBXFileReference; fileEncoding = 4; lastKnownFileType = sourcecode.c.objc; path = ViewController3.m; sourceTree = "<group>"; };
		2E189EAE184E27F200FDDCBB /* ViewController4.h */ = {isa = PBXFileReference; fileEncoding = 4; lastKnownFileType = sourcecode.c.h; path = ViewController4.h; sourceTree = "<group>"; };
		2E189EAF184E27F200FDDCBB /* ViewController4.m */ = {isa = PBXFileReference; fileEncoding = 4; lastKnownFileType = sourcecode.c.objc; path = ViewController4.m; sourceTree = "<group>"; };
		2E189EB1184E27FB00FDDCBB /* ViewController5.h */ = {isa = PBXFileReference; fileEncoding = 4; lastKnownFileType = sourcecode.c.h; path = ViewController5.h; sourceTree = "<group>"; };
		2E189EB2184E27FB00FDDCBB /* ViewController5.m */ = {isa = PBXFileReference; fileEncoding = 4; lastKnownFileType = sourcecode.c.objc; path = ViewController5.m; sourceTree = "<group>"; };
		2E189EB6184E30A100FDDCBB /* StaticData.h */ = {isa = PBXFileReference; lastKnownFileType = sourcecode.c.h; path = StaticData.h; sourceTree = "<group>"; };
		2E189EB7184E30BF00FDDCBB /* UIViewController+Extension.h */ = {isa = PBXFileReference; fileEncoding = 4; lastKnownFileType = sourcecode.c.h; path = "UIViewController+Extension.h"; sourceTree = "<group>"; };
		2E189EB8184E30BF00FDDCBB /* UIViewController+Extension.m */ = {isa = PBXFileReference; fileEncoding = 4; lastKnownFileType = sourcecode.c.objc; path = "UIViewController+Extension.m"; sourceTree = "<group>"; };
		2E189EBE184E349200FDDCBB /* icon_1.png */ = {isa = PBXFileReference; lastKnownFileType = image.png; path = icon_1.png; sourceTree = "<group>"; };
		2E189EBF184E349200FDDCBB /* icon_1@2x.png */ = {isa = PBXFileReference; lastKnownFileType = image.png; path = "icon_1@2x.png"; sourceTree = "<group>"; };
		2E189EC2184E359200FDDCBB /* Tool.h */ = {isa = PBXFileReference; fileEncoding = 4; lastKnownFileType = sourcecode.c.h; path = Tool.h; sourceTree = "<group>"; };
		2E189EC3184E359200FDDCBB /* Tool.m */ = {isa = PBXFileReference; fileEncoding = 4; lastKnownFileType = sourcecode.c.objc; path = Tool.m; sourceTree = "<group>"; };
		2E189EC5184E361B00FDDCBB /* icon_back.png */ = {isa = PBXFileReference; lastKnownFileType = image.png; path = icon_back.png; sourceTree = "<group>"; };
		2E189EC6184E361B00FDDCBB /* icon_back_1.png */ = {isa = PBXFileReference; lastKnownFileType = image.png; path = icon_back_1.png; sourceTree = "<group>"; };
		2E189ECA184E368A00FDDCBB /* success.png */ = {isa = PBXFileReference; lastKnownFileType = image.png; path = success.png; sourceTree = "<group>"; };
		2E189ECB184E368A00FDDCBB /* success@2x.png */ = {isa = PBXFileReference; lastKnownFileType = image.png; path = "success@2x.png"; sourceTree = "<group>"; };
		2E189ECC184E368A00FDDCBB /* MBProgressHUD.h */ = {isa = PBXFileReference; fileEncoding = 4; lastKnownFileType = sourcecode.c.h; path = MBProgressHUD.h; sourceTree = "<group>"; };
		2E189ECD184E368A00FDDCBB /* MBProgressHUD.m */ = {isa = PBXFileReference; fileEncoding = 4; lastKnownFileType = sourcecode.c.objc; path = MBProgressHUD.m; sourceTree = "<group>"; };
		2E9747C3184F97E7007E2335 /* icon_4@2x.png */ = {isa = PBXFileReference; lastKnownFileType = image.png; path = "icon_4@2x.png"; sourceTree = "<group>"; };
		2E9747C5184F983D007E2335 /* icon_4.png */ = {isa = PBXFileReference; lastKnownFileType = image.png; path = icon_4.png; sourceTree = "<group>"; };
		2E9747C7184F98EB007E2335 /* icon_6@2x.png */ = {isa = PBXFileReference; lastKnownFileType = image.png; path = "icon_6@2x.png"; sourceTree = "<group>"; };
		2E9747C8184F98EB007E2335 /* icon_5@2x.png */ = {isa = PBXFileReference; lastKnownFileType = image.png; path = "icon_5@2x.png"; sourceTree = "<group>"; };
		2E9747CB184F9957007E2335 /* icon_5.png */ = {isa = PBXFileReference; lastKnownFileType = image.png; path = icon_5.png; sourceTree = "<group>"; };
		2E9747CC184F9957007E2335 /* icon_6.png */ = {isa = PBXFileReference; lastKnownFileType = image.png; path = icon_6.png; sourceTree = "<group>"; };
		2E9747CF184F9CBB007E2335 /* icon_7_1@2x.png */ = {isa = PBXFileReference; lastKnownFileType = image.png; path = "icon_7_1@2x.png"; sourceTree = "<group>"; };
		2E9747D0184F9CBB007E2335 /* icon_7@2x.png */ = {isa = PBXFileReference; lastKnownFileType = image.png; path = "icon_7@2x.png"; sourceTree = "<group>"; };
		2E9747D3184F9EEC007E2335 /* PriceLabel.h */ = {isa = PBXFileReference; fileEncoding = 4; lastKnownFileType = sourcecode.c.h; path = PriceLabel.h; sourceTree = "<group>"; };
		2E9747D4184F9EEC007E2335 /* PriceLabel.m */ = {isa = PBXFileReference; fileEncoding = 4; lastKnownFileType = sourcecode.c.objc; path = PriceLabel.m; sourceTree = "<group>"; };
		A000A38718502FA500E30646 /* icon1.9.png */ = {isa = PBXFileReference; lastKnownFileType = image.png; path = icon1.9.png; sourceTree = "<group>"; };
		A000A38818502FA500E30646 /* icon2.9.png */ = {isa = PBXFileReference; lastKnownFileType = image.png; path = icon2.9.png; sourceTree = "<group>"; };
		A000A38918502FA500E30646 /* icon3.9.png */ = {isa = PBXFileReference; lastKnownFileType = image.png; path = icon3.9.png; sourceTree = "<group>"; };
		A000A38A18502FA500E30646 /* icon4.9.png */ = {isa = PBXFileReference; lastKnownFileType = image.png; path = icon4.9.png; sourceTree = "<group>"; };
		A000A38B18502FA500E30646 /* icon5.9.png */ = {isa = PBXFileReference; lastKnownFileType = image.png; path = icon5.9.png; sourceTree = "<group>"; };
		A000A38C18502FA500E30646 /* icon6.9.png */ = {isa = PBXFileReference; lastKnownFileType = image.png; path = icon6.9.png; sourceTree = "<group>"; };
		A05D2915184EE622009F743F /* icon_2@2x.png */ = {isa = PBXFileReference; lastKnownFileType = image.png; path = "icon_2@2x.png"; sourceTree = "<group>"; };
		A05D2917184EE639009F743F /* icon_2.png */ = {isa = PBXFileReference; lastKnownFileType = image.png; path = icon_2.png; sourceTree = "<group>"; };
		A05D2919184EE717009F743F /* icon_3_1@2x.png */ = {isa = PBXFileReference; lastKnownFileType = image.png; path = "icon_3_1@2x.png"; sourceTree = "<group>"; };
		A05D291A184EE717009F743F /* icon_3@2x.png */ = {isa = PBXFileReference; lastKnownFileType = image.png; path = "icon_3@2x.png"; sourceTree = "<group>"; };
		A05D291D184EE739009F743F /* icon_3_1.png */ = {isa = PBXFileReference; lastKnownFileType = image.png; path = icon_3_1.png; sourceTree = "<group>"; };
		A05D291E184EE739009F743F /* icon_3.png */ = {isa = PBXFileReference; lastKnownFileType = image.png; path = icon_3.png; sourceTree = "<group>"; };
		A05D2921184EEB80009F743F /* FBBannerView.h */ = {isa = PBXFileReference; fileEncoding = 4; lastKnownFileType = sourcecode.c.h; path = FBBannerView.h; sourceTree = "<group>"; };
		A05D2922184EEB80009F743F /* FBBannerView.m */ = {isa = PBXFileReference; fileEncoding = 4; lastKnownFileType = sourcecode.c.objc; path = FBBannerView.m; sourceTree = "<group>"; };
		A05D2924184EEBA2009F743F /* FBPageControl.h */ = {isa = PBXFileReference; fileEncoding = 4; lastKnownFileType = sourcecode.c.h; path = FBPageControl.h; sourceTree = "<group>"; };
		A05D2925184EEBA2009F743F /* FBPageControl.m */ = {isa = PBXFileReference; fileEncoding = 4; lastKnownFileType = sourcecode.c.objc; path = FBPageControl.m; sourceTree = "<group>"; };
		A05D2928184EF639009F743F /* MKAnnotationView+WebCache.h */ = {isa = PBXFileReference; fileEncoding = 4; lastKnownFileType = sourcecode.c.h; path = "MKAnnotationView+WebCache.h"; sourceTree = "<group>"; };
		A05D2929184EF639009F743F /* MKAnnotationView+WebCache.m */ = {isa = PBXFileReference; fileEncoding = 4; lastKnownFileType = sourcecode.c.objc; path = "MKAnnotationView+WebCache.m"; sourceTree = "<group>"; };
		A05D292A184EF639009F743F /* NSData+GIF.h */ = {isa = PBXFileReference; fileEncoding = 4; lastKnownFileType = sourcecode.c.h; path = "NSData+GIF.h"; sourceTree = "<group>"; };
		A05D292B184EF639009F743F /* NSData+GIF.m */ = {isa = PBXFileReference; fileEncoding = 4; lastKnownFileType = sourcecode.c.objc; path = "NSData+GIF.m"; sourceTree = "<group>"; };
		A05D292C184EF639009F743F /* SDImageCache.h */ = {isa = PBXFileReference; fileEncoding = 4; lastKnownFileType = sourcecode.c.h; path = SDImageCache.h; sourceTree = "<group>"; };
		A05D292D184EF639009F743F /* SDImageCache.m */ = {isa = PBXFileReference; fileEncoding = 4; lastKnownFileType = sourcecode.c.objc; path = SDImageCache.m; sourceTree = "<group>"; };
		A05D292E184EF639009F743F /* SDWebImageCompat.h */ = {isa = PBXFileReference; fileEncoding = 4; lastKnownFileType = sourcecode.c.h; path = SDWebImageCompat.h; sourceTree = "<group>"; };
		A05D292F184EF639009F743F /* SDWebImageCompat.m */ = {isa = PBXFileReference; fileEncoding = 4; lastKnownFileType = sourcecode.c.objc; path = SDWebImageCompat.m; sourceTree = "<group>"; };
		A05D2930184EF639009F743F /* SDWebImageDecoder.h */ = {isa = PBXFileReference; fileEncoding = 4; lastKnownFileType = sourcecode.c.h; path = SDWebImageDecoder.h; sourceTree = "<group>"; };
		A05D2931184EF639009F743F /* SDWebImageDecoder.m */ = {isa = PBXFileReference; fileEncoding = 4; lastKnownFileType = sourcecode.c.objc; path = SDWebImageDecoder.m; sourceTree = "<group>"; };
		A05D2932184EF639009F743F /* SDWebImageDownloader.h */ = {isa = PBXFileReference; fileEncoding = 4; lastKnownFileType = sourcecode.c.h; path = SDWebImageDownloader.h; sourceTree = "<group>"; };
		A05D2933184EF639009F743F /* SDWebImageDownloader.m */ = {isa = PBXFileReference; fileEncoding = 4; lastKnownFileType = sourcecode.c.objc; path = SDWebImageDownloader.m; sourceTree = "<group>"; };
		A05D2934184EF639009F743F /* SDWebImageDownloaderOperation.h */ = {isa = PBXFileReference; fileEncoding = 4; lastKnownFileType = sourcecode.c.h; path = SDWebImageDownloaderOperation.h; sourceTree = "<group>"; };
		A05D2935184EF639009F743F /* SDWebImageDownloaderOperation.m */ = {isa = PBXFileReference; fileEncoding = 4; lastKnownFileType = sourcecode.c.objc; path = SDWebImageDownloaderOperation.m; sourceTree = "<group>"; };
		A05D2936184EF639009F743F /* SDWebImageManager.h */ = {isa = PBXFileReference; fileEncoding = 4; lastKnownFileType = sourcecode.c.h; path = SDWebImageManager.h; sourceTree = "<group>"; };
		A05D2937184EF639009F743F /* SDWebImageManager.m */ = {isa = PBXFileReference; fileEncoding = 4; lastKnownFileType = sourcecode.c.objc; path = SDWebImageManager.m; sourceTree = "<group>"; };
		A05D2938184EF639009F743F /* SDWebImageOperation.h */ = {isa = PBXFileReference; fileEncoding = 4; lastKnownFileType = sourcecode.c.h; path = SDWebImageOperation.h; sourceTree = "<group>"; };
		A05D2939184EF639009F743F /* SDWebImagePrefetcher.h */ = {isa = PBXFileReference; fileEncoding = 4; lastKnownFileType = sourcecode.c.h; path = SDWebImagePrefetcher.h; sourceTree = "<group>"; };
		A05D293A184EF639009F743F /* SDWebImagePrefetcher.m */ = {isa = PBXFileReference; fileEncoding = 4; lastKnownFileType = sourcecode.c.objc; path = SDWebImagePrefetcher.m; sourceTree = "<group>"; };
		A05D293B184EF639009F743F /* UIButton+WebCache.h */ = {isa = PBXFileReference; fileEncoding = 4; lastKnownFileType = sourcecode.c.h; path = "UIButton+WebCache.h"; sourceTree = "<group>"; };
		A05D293C184EF639009F743F /* UIButton+WebCache.m */ = {isa = PBXFileReference; fileEncoding = 4; lastKnownFileType = sourcecode.c.objc; path = "UIButton+WebCache.m"; sourceTree = "<group>"; };
		A05D293D184EF639009F743F /* UIImage+GIF.h */ = {isa = PBXFileReference; fileEncoding = 4; lastKnownFileType = sourcecode.c.h; path = "UIImage+GIF.h"; sourceTree = "<group>"; };
		A05D293E184EF639009F743F /* UIImage+GIF.m */ = {isa = PBXFileReference; fileEncoding = 4; lastKnownFileType = sourcecode.c.objc; path = "UIImage+GIF.m"; sourceTree = "<group>"; };
		A05D293F184EF639009F743F /* UIImage+MultiFormat.h */ = {isa = PBXFileReference; fileEncoding = 4; lastKnownFileType = sourcecode.c.h; path = "UIImage+MultiFormat.h"; sourceTree = "<group>"; };
		A05D2940184EF639009F743F /* UIImage+MultiFormat.m */ = {isa = PBXFileReference; fileEncoding = 4; lastKnownFileType = sourcecode.c.objc; path = "UIImage+MultiFormat.m"; sourceTree = "<group>"; };
		A05D2941184EF639009F743F /* UIImage+WebP.h */ = {isa = PBXFileReference; fileEncoding = 4; lastKnownFileType = sourcecode.c.h; path = "UIImage+WebP.h"; sourceTree = "<group>"; };
		A05D2942184EF639009F743F /* UIImage+WebP.m */ = {isa = PBXFileReference; fileEncoding = 4; lastKnownFileType = sourcecode.c.objc; path = "UIImage+WebP.m"; sourceTree = "<group>"; };
		A05D2943184EF639009F743F /* UIImageView+WebCache.h */ = {isa = PBXFileReference; fileEncoding = 4; lastKnownFileType = sourcecode.c.h; path = "UIImageView+WebCache.h"; sourceTree = "<group>"; };
		A05D2944184EF639009F743F /* UIImageView+WebCache.m */ = {isa = PBXFileReference; fileEncoding = 4; lastKnownFileType = sourcecode.c.objc; path = "UIImageView+WebCache.m"; sourceTree = "<group>"; };
/* End PBXFileReference section */

/* Begin PBXFrameworksBuildPhase section */
		2E189E67184E25C000FDDCBB /* Frameworks */ = {
			isa = PBXFrameworksBuildPhase;
			buildActionMask = 2147483647;
			files = (
				2E189E70184E25C000FDDCBB /* CoreGraphics.framework in Frameworks */,
				2E189E72184E25C000FDDCBB /* UIKit.framework in Frameworks */,
				2E189E6E184E25C000FDDCBB /* Foundation.framework in Frameworks */,
			);
			runOnlyForDeploymentPostprocessing = 0;
		};
		2E189E88184E25C000FDDCBB /* Frameworks */ = {
			isa = PBXFrameworksBuildPhase;
			buildActionMask = 2147483647;
			files = (
				2E189E8D184E25C000FDDCBB /* XCTest.framework in Frameworks */,
				2E189E8F184E25C000FDDCBB /* UIKit.framework in Frameworks */,
				2E189E8E184E25C000FDDCBB /* Foundation.framework in Frameworks */,
			);
			runOnlyForDeploymentPostprocessing = 0;
		};
/* End PBXFrameworksBuildPhase section */

/* Begin PBXGroup section */
		2E189E61184E25C000FDDCBB = {
			isa = PBXGroup;
			children = (
				2E189E73184E25C000FDDCBB /* HotelProject */,
				2E189E92184E25C000FDDCBB /* HotelProjectTests */,
				2E189E6C184E25C000FDDCBB /* Frameworks */,
				2E189E6B184E25C000FDDCBB /* Products */,
			);
			sourceTree = "<group>";
		};
		2E189E6B184E25C000FDDCBB /* Products */ = {
			isa = PBXGroup;
			children = (
				2E189E6A184E25C000FDDCBB /* HotelProject.app */,
				2E189E8B184E25C000FDDCBB /* HotelProjectTests.xctest */,
			);
			name = Products;
			sourceTree = "<group>";
		};
		2E189E6C184E25C000FDDCBB /* Frameworks */ = {
			isa = PBXGroup;
			children = (
				2E189E6D184E25C000FDDCBB /* Foundation.framework */,
				2E189E6F184E25C000FDDCBB /* CoreGraphics.framework */,
				2E189E71184E25C000FDDCBB /* UIKit.framework */,
				2E189E8C184E25C000FDDCBB /* XCTest.framework */,
			);
			name = Frameworks;
			sourceTree = "<group>";
		};
		2E189E73184E25C000FDDCBB /* HotelProject */ = {
			isa = PBXGroup;
			children = (
				2E189EB6184E30A100FDDCBB /* StaticData.h */,
				2E189EC9184E367500FDDCBB /* Libs */,
				2E189EB5184E302300FDDCBB /* Images */,
				2E189EB4184E280200FDDCBB /* TOOL */,
				2E189E7C184E25C000FDDCBB /* AppDelegate.h */,
				2E189E7D184E25C000FDDCBB /* AppDelegate.m */,
				2E189E7F184E25C000FDDCBB /* Main.storyboard */,
				2E189E82184E25C000FDDCBB /* RootViewController.h */,
				2E189E83184E25C000FDDCBB /* RootViewController.m */,
				2E189E85184E25C000FDDCBB /* Images.xcassets */,
				2E189EA5184E27CA00FDDCBB /* ViewController1.h */,
				2E189EA6184E27CA00FDDCBB /* ViewController1.m */,
				2E189EA8184E27DD00FDDCBB /* ViewController2.h */,
				2E189EA9184E27DD00FDDCBB /* ViewController2.m */,
				2E189EAB184E27E700FDDCBB /* ViewController3.h */,
				2E189EAC184E27E700FDDCBB /* ViewController3.m */,
				2E189EAE184E27F200FDDCBB /* ViewController4.h */,
				2E189EAF184E27F200FDDCBB /* ViewController4.m */,
				2E189EB1184E27FB00FDDCBB /* ViewController5.h */,
				2E189EB2184E27FB00FDDCBB /* ViewController5.m */,
				2E189E74184E25C000FDDCBB /* Supporting Files */,
			);
			path = HotelProject;
			sourceTree = "<group>";
		};
		2E189E74184E25C000FDDCBB /* Supporting Files */ = {
			isa = PBXGroup;
			children = (
				2E189E75184E25C000FDDCBB /* HotelProject-Info.plist */,
				2E189E76184E25C000FDDCBB /* InfoPlist.strings */,
				2E189E79184E25C000FDDCBB /* main.m */,
				2E189E7B184E25C000FDDCBB /* HotelProject-Prefix.pch */,
			);
			name = "Supporting Files";
			sourceTree = "<group>";
		};
		2E189E92184E25C000FDDCBB /* HotelProjectTests */ = {
			isa = PBXGroup;
			children = (
				2E189E98184E25C000FDDCBB /* HotelProjectTests.m */,
				2E189E93184E25C000FDDCBB /* Supporting Files */,
			);
			path = HotelProjectTests;
			sourceTree = "<group>";
		};
		2E189E93184E25C000FDDCBB /* Supporting Files */ = {
			isa = PBXGroup;
			children = (
				2E189E94184E25C000FDDCBB /* HotelProjectTests-Info.plist */,
				2E189E95184E25C000FDDCBB /* InfoPlist.strings */,
			);
			name = "Supporting Files";
			sourceTree = "<group>";
		};
		2E189EB4184E280200FDDCBB /* TOOL */ = {
			isa = PBXGroup;
			children = (
				A05D2921184EEB80009F743F /* FBBannerView.h */,
				A05D2922184EEB80009F743F /* FBBannerView.m */,
				A05D2924184EEBA2009F743F /* FBPageControl.h */,
				A05D2925184EEBA2009F743F /* FBPageControl.m */,
				2E189EB7184E30BF00FDDCBB /* UIViewController+Extension.h */,
				2E189EB8184E30BF00FDDCBB /* UIViewController+Extension.m */,
				2E189EA2184E27B600FDDCBB /* BaseViewController.h */,
				2E189EA3184E27B600FDDCBB /* BaseViewController.m */,
				2E189EC2184E359200FDDCBB /* Tool.h */,
				2E189EC3184E359200FDDCBB /* Tool.m */,
				2E9747D3184F9EEC007E2335 /* PriceLabel.h */,
				2E9747D4184F9EEC007E2335 /* PriceLabel.m */,
			);
			name = TOOL;
			sourceTree = "<group>";
		};
		2E189EB5184E302300FDDCBB /* Images */ = {
			isa = PBXGroup;
			children = (
				A000A38718502FA500E30646 /* icon1.9.png */,
				A000A38818502FA500E30646 /* icon2.9.png */,
				A000A38918502FA500E30646 /* icon3.9.png */,
				A000A38A18502FA500E30646 /* icon4.9.png */,
				A000A38B18502FA500E30646 /* icon5.9.png */,
				A000A38C18502FA500E30646 /* icon6.9.png */,
				2E9747CF184F9CBB007E2335 /* icon_7_1@2x.png */,
				2E9747D0184F9CBB007E2335 /* icon_7@2x.png */,
				2E9747C7184F98EB007E2335 /* icon_6@2x.png */,
				2E9747CB184F9957007E2335 /* icon_5.png */,
				2E9747CC184F9957007E2335 /* icon_6.png */,
				2E9747C8184F98EB007E2335 /* icon_5@2x.png */,
				2E9747C3184F97E7007E2335 /* icon_4@2x.png */,
				2E9747C5184F983D007E2335 /* icon_4.png */,
				A05D2919184EE717009F743F /* icon_3_1@2x.png */,
				A05D291A184EE717009F743F /* icon_3@2x.png */,
				A05D291D184EE739009F743F /* icon_3_1.png */,
				A05D291E184EE739009F743F /* icon_3.png */,
				A05D2917184EE639009F743F /* icon_2.png */,
				A05D2915184EE622009F743F /* icon_2@2x.png */,
				2E189EC5184E361B00FDDCBB /* icon_back.png */,
				2E189EC6184E361B00FDDCBB /* icon_back_1.png */,
				2E189EBE184E349200FDDCBB /* icon_1.png */,
				2E189EBF184E349200FDDCBB /* icon_1@2x.png */,
			);
			name = Images;
			sourceTree = "<group>";
		};
		2E189EC9184E367500FDDCBB /* Libs */ = {
			isa = PBXGroup;
			children = (
				A05D2927184EF639009F743F /* SDWebImage 3.5 */,
				2E189ECA184E368A00FDDCBB /* success.png */,
				2E189ECB184E368A00FDDCBB /* success@2x.png */,
				2E189ECC184E368A00FDDCBB /* MBProgressHUD.h */,
				2E189ECD184E368A00FDDCBB /* MBProgressHUD.m */,
			);
			name = Libs;
			sourceTree = "<group>";
		};
		A05D2927184EF639009F743F /* SDWebImage 3.5 */ = {
			isa = PBXGroup;
			children = (
				A05D2928184EF639009F743F /* MKAnnotationView+WebCache.h */,
				A05D2929184EF639009F743F /* MKAnnotationView+WebCache.m */,
				A05D292A184EF639009F743F /* NSData+GIF.h */,
				A05D292B184EF639009F743F /* NSData+GIF.m */,
				A05D292C184EF639009F743F /* SDImageCache.h */,
				A05D292D184EF639009F743F /* SDImageCache.m */,
				A05D292E184EF639009F743F /* SDWebImageCompat.h */,
				A05D292F184EF639009F743F /* SDWebImageCompat.m */,
				A05D2930184EF639009F743F /* SDWebImageDecoder.h */,
				A05D2931184EF639009F743F /* SDWebImageDecoder.m */,
				A05D2932184EF639009F743F /* SDWebImageDownloader.h */,
				A05D2933184EF639009F743F /* SDWebImageDownloader.m */,
				A05D2934184EF639009F743F /* SDWebImageDownloaderOperation.h */,
				A05D2935184EF639009F743F /* SDWebImageDownloaderOperation.m */,
				A05D2936184EF639009F743F /* SDWebImageManager.h */,
				A05D2937184EF639009F743F /* SDWebImageManager.m */,
				A05D2938184EF639009F743F /* SDWebImageOperation.h */,
				A05D2939184EF639009F743F /* SDWebImagePrefetcher.h */,
				A05D293A184EF639009F743F /* SDWebImagePrefetcher.m */,
				A05D293B184EF639009F743F /* UIButton+WebCache.h */,
				A05D293C184EF639009F743F /* UIButton+WebCache.m */,
				A05D293D184EF639009F743F /* UIImage+GIF.h */,
				A05D293E184EF639009F743F /* UIImage+GIF.m */,
				A05D293F184EF639009F743F /* UIImage+MultiFormat.h */,
				A05D2940184EF639009F743F /* UIImage+MultiFormat.m */,
				A05D2941184EF639009F743F /* UIImage+WebP.h */,
				A05D2942184EF639009F743F /* UIImage+WebP.m */,
				A05D2943184EF639009F743F /* UIImageView+WebCache.h */,
				A05D2944184EF639009F743F /* UIImageView+WebCache.m */,
			);
			path = "SDWebImage 3.5";
			sourceTree = "<group>";
		};
/* End PBXGroup section */

/* Begin PBXNativeTarget section */
		2E189E69184E25C000FDDCBB /* HotelProject */ = {
			isa = PBXNativeTarget;
			buildConfigurationList = 2E189E9C184E25C000FDDCBB /* Build configuration list for PBXNativeTarget "HotelProject" */;
			buildPhases = (
				2E189E66184E25C000FDDCBB /* Sources */,
				2E189E67184E25C000FDDCBB /* Frameworks */,
				2E189E68184E25C000FDDCBB /* Resources */,
			);
			buildRules = (
			);
			dependencies = (
			);
			name = HotelProject;
			productName = HotelProject;
			productReference = 2E189E6A184E25C000FDDCBB /* HotelProject.app */;
			productType = "com.apple.product-type.application";
		};
		2E189E8A184E25C000FDDCBB /* HotelProjectTests */ = {
			isa = PBXNativeTarget;
			buildConfigurationList = 2E189E9F184E25C000FDDCBB /* Build configuration list for PBXNativeTarget "HotelProjectTests" */;
			buildPhases = (
				2E189E87184E25C000FDDCBB /* Sources */,
				2E189E88184E25C000FDDCBB /* Frameworks */,
				2E189E89184E25C000FDDCBB /* Resources */,
			);
			buildRules = (
			);
			dependencies = (
				2E189E91184E25C000FDDCBB /* PBXTargetDependency */,
			);
			name = HotelProjectTests;
			productName = HotelProjectTests;
			productReference = 2E189E8B184E25C000FDDCBB /* HotelProjectTests.xctest */;
			productType = "com.apple.product-type.bundle.unit-test";
		};
/* End PBXNativeTarget section */

/* Begin PBXProject section */
		2E189E62184E25C000FDDCBB /* Project object */ = {
			isa = PBXProject;
			attributes = {
				LastUpgradeCheck = 0500;
				ORGANIZATIONNAME = ZhaoJuan;
				TargetAttributes = {
					2E189E8A184E25C000FDDCBB = {
						TestTargetID = 2E189E69184E25C000FDDCBB;
					};
				};
			};
			buildConfigurationList = 2E189E65184E25C000FDDCBB /* Build configuration list for PBXProject "HotelProject" */;
			compatibilityVersion = "Xcode 3.2";
			developmentRegion = English;
			hasScannedForEncodings = 0;
			knownRegions = (
				en,
				Base,
			);
			mainGroup = 2E189E61184E25C000FDDCBB;
			productRefGroup = 2E189E6B184E25C000FDDCBB /* Products */;
			projectDirPath = "";
			projectRoot = "";
			targets = (
				2E189E69184E25C000FDDCBB /* HotelProject */,
				2E189E8A184E25C000FDDCBB /* HotelProjectTests */,
			);
		};
/* End PBXProject section */

/* Begin PBXResourcesBuildPhase section */
		2E189E68184E25C000FDDCBB /* Resources */ = {
			isa = PBXResourcesBuildPhase;
			buildActionMask = 2147483647;
			files = (
				2E9747D2184F9CBB007E2335 /* icon_7@2x.png in Resources */,
				A000A38E18502FA500E30646 /* icon2.9.png in Resources */,
				2E9747D1184F9CBB007E2335 /* icon_7_1@2x.png in Resources */,
				2E189EC8184E361B00FDDCBB /* icon_back_1.png in Resources */,
				A000A39218502FA500E30646 /* icon6.9.png in Resources */,
				2E189E86184E25C000FDDCBB /* Images.xcassets in Resources */,
				A000A39018502FA500E30646 /* icon4.9.png in Resources */,
				2E9747CE184F9957007E2335 /* icon_6.png in Resources */,
				A05D291F184EE739009F743F /* icon_3_1.png in Resources */,
				A05D2918184EE639009F743F /* icon_2.png in Resources */,
				A05D291B184EE717009F743F /* icon_3_1@2x.png in Resources */,
				2E189E78184E25C000FDDCBB /* InfoPlist.strings in Resources */,
				A000A39118502FA500E30646 /* icon5.9.png in Resources */,
				2E189EC7184E361B00FDDCBB /* icon_back.png in Resources */,
				2E189EC1184E349200FDDCBB /* icon_1@2x.png in Resources */,
				2E189ECF184E368A00FDDCBB /* success@2x.png in Resources */,
				A000A38F18502FA500E30646 /* icon3.9.png in Resources */,
				A05D291C184EE717009F743F /* icon_3@2x.png in Resources */,
				2E189EC0184E349200FDDCBB /* icon_1.png in Resources */,
				2E189E81184E25C000FDDCBB /* Main.storyboard in Resources */,
				2E9747C9184F98EB007E2335 /* icon_6@2x.png in Resources */,
				2E189ECE184E368A00FDDCBB /* success.png in Resources */,
				2E9747CD184F9957007E2335 /* icon_5.png in Resources */,
				A05D2916184EE622009F743F /* icon_2@2x.png in Resources */,
				2E9747CA184F98EB007E2335 /* icon_5@2x.png in Resources */,
				A05D2920184EE739009F743F /* icon_3.png in Resources */,
				2E9747C4184F97E7007E2335 /* icon_4@2x.png in Resources */,
				2E9747C6184F983D007E2335 /* icon_4.png in Resources */,
				A000A38D18502FA500E30646 /* icon1.9.png in Resources */,
			);
			runOnlyForDeploymentPostprocessing = 0;
		};
		2E189E89184E25C000FDDCBB /* Resources */ = {
			isa = PBXResourcesBuildPhase;
			buildActionMask = 2147483647;
			files = (
				2E189E97184E25C000FDDCBB /* InfoPlist.strings in Resources */,
			);
			runOnlyForDeploymentPostprocessing = 0;
		};
/* End PBXResourcesBuildPhase section */

/* Begin PBXSourcesBuildPhase section */
		2E189E66184E25C000FDDCBB /* Sources */ = {
			isa = PBXSourcesBuildPhase;
			buildActionMask = 2147483647;
			files = (
				A05D2950184EF639009F743F /* UIImage+MultiFormat.m in Sources */,
				A05D2951184EF639009F743F /* UIImage+WebP.m in Sources */,
				A05D2926184EEBA2009F743F /* FBPageControl.m in Sources */,
				A05D294C184EF639009F743F /* SDWebImageManager.m in Sources */,
				2E189EA7184E27CA00FDDCBB /* ViewController1.m in Sources */,
				2E189E84184E25C000FDDCBB /* RootViewController.m in Sources */,
				A05D2946184EF639009F743F /* NSData+GIF.m in Sources */,
				A05D294A184EF639009F743F /* SDWebImageDownloader.m in Sources */,
				2E189EA4184E27B600FDDCBB /* BaseViewController.m in Sources */,
				2E189EC4184E359200FDDCBB /* Tool.m in Sources */,
				2E189E7E184E25C000FDDCBB /* AppDelegate.m in Sources */,
				A05D2923184EEB80009F743F /* FBBannerView.m in Sources */,
				2E189E7A184E25C000FDDCBB /* main.m in Sources */,
				A05D2945184EF639009F743F /* MKAnnotationView+WebCache.m in Sources */,
				2E189EB3184E27FB00FDDCBB /* ViewController5.m in Sources */,
				A05D294F184EF639009F743F /* UIImage+GIF.m in Sources */,
				A05D294E184EF639009F743F /* UIButton+WebCache.m in Sources */,
				2E189ED0184E368A00FDDCBB /* MBProgressHUD.m in Sources */,
				A05D2952184EF639009F743F /* UIImageView+WebCache.m in Sources */,
				A05D294D184EF639009F743F /* SDWebImagePrefetcher.m in Sources */,
				A05D2949184EF639009F743F /* SDWebImageDecoder.m in Sources */,
				2E9747D5184F9EEC007E2335 /* PriceLabel.m in Sources */,
				A05D2947184EF639009F743F /* SDImageCache.m in Sources */,
				A05D2948184EF639009F743F /* SDWebImageCompat.m in Sources */,
				2E189EAA184E27DD00FDDCBB /* ViewController2.m in Sources */,
				2E189EAD184E27E700FDDCBB /* ViewController3.m in Sources */,
				A05D294B184EF639009F743F /* SDWebImageDownloaderOperation.m in Sources */,
				2E189EB9184E30BF00FDDCBB /* UIViewController+Extension.m in Sources */,
				2E189EB0184E27F200FDDCBB /* ViewController4.m in Sources */,
			);
			runOnlyForDeploymentPostprocessing = 0;
		};
		2E189E87184E25C000FDDCBB /* Sources */ = {
			isa = PBXSourcesBuildPhase;
			buildActionMask = 2147483647;
			files = (
				2E189E99184E25C000FDDCBB /* HotelProjectTests.m in Sources */,
			);
			runOnlyForDeploymentPostprocessing = 0;
		};
/* End PBXSourcesBuildPhase section */

/* Begin PBXTargetDependency section */
		2E189E91184E25C000FDDCBB /* PBXTargetDependency */ = {
			isa = PBXTargetDependency;
			target = 2E189E69184E25C000FDDCBB /* HotelProject */;
			targetProxy = 2E189E90184E25C000FDDCBB /* PBXContainerItemProxy */;
		};
/* End PBXTargetDependency section */

/* Begin PBXVariantGroup section */
		2E189E76184E25C000FDDCBB /* InfoPlist.strings */ = {
			isa = PBXVariantGroup;
			children = (
				2E189E77184E25C000FDDCBB /* en */,
			);
			name = InfoPlist.strings;
			sourceTree = "<group>";
		};
		2E189E7F184E25C000FDDCBB /* Main.storyboard */ = {
			isa = PBXVariantGroup;
			children = (
				2E189E80184E25C000FDDCBB /* Base */,
			);
			name = Main.storyboard;
			sourceTree = "<group>";
		};
		2E189E95184E25C000FDDCBB /* InfoPlist.strings */ = {
			isa = PBXVariantGroup;
			children = (
				2E189E96184E25C000FDDCBB /* en */,
			);
			name = InfoPlist.strings;
			sourceTree = "<group>";
		};
/* End PBXVariantGroup section */

/* Begin XCBuildConfiguration section */
		2E189E9A184E25C000FDDCBB /* Debug */ = {
			isa = XCBuildConfiguration;
			buildSettings = {
				ALWAYS_SEARCH_USER_PATHS = NO;
				ARCHS = "$(ARCHS_STANDARD_INCLUDING_64_BIT)";
				CLANG_CXX_LANGUAGE_STANDARD = "gnu++0x";
				CLANG_CXX_LIBRARY = "libc++";
				CLANG_ENABLE_MODULES = YES;
				CLANG_ENABLE_OBJC_ARC = YES;
				CLANG_WARN_BOOL_CONVERSION = YES;
				CLANG_WARN_CONSTANT_CONVERSION = YES;
				CLANG_WARN_DIRECT_OBJC_ISA_USAGE = YES_ERROR;
				CLANG_WARN_EMPTY_BODY = YES;
				CLANG_WARN_ENUM_CONVERSION = YES;
				CLANG_WARN_INT_CONVERSION = YES;
				CLANG_WARN_OBJC_ROOT_CLASS = YES_ERROR;
				CLANG_WARN__DUPLICATE_METHOD_MATCH = YES;
				"CODE_SIGN_IDENTITY[sdk=iphoneos*]" = "iPhone Developer";
				COPY_PHASE_STRIP = NO;
				GCC_C_LANGUAGE_STANDARD = gnu99;
				GCC_DYNAMIC_NO_PIC = NO;
				GCC_OPTIMIZATION_LEVEL = 0;
				GCC_PREPROCESSOR_DEFINITIONS = (
					"DEBUG=1",
					"$(inherited)",
				);
				GCC_SYMBOLS_PRIVATE_EXTERN = NO;
				GCC_WARN_64_TO_32_BIT_CONVERSION = YES;
				GCC_WARN_ABOUT_RETURN_TYPE = YES_ERROR;
				GCC_WARN_UNDECLARED_SELECTOR = YES;
				GCC_WARN_UNINITIALIZED_AUTOS = YES;
				GCC_WARN_UNUSED_FUNCTION = YES;
				GCC_WARN_UNUSED_VARIABLE = YES;
				IPHONEOS_DEPLOYMENT_TARGET = 7.0;
				ONLY_ACTIVE_ARCH = YES;
				SDKROOT = iphoneos;
			};
			name = Debug;
		};
		2E189E9B184E25C000FDDCBB /* Release */ = {
			isa = XCBuildConfiguration;
			buildSettings = {
				ALWAYS_SEARCH_USER_PATHS = NO;
				ARCHS = "$(ARCHS_STANDARD_INCLUDING_64_BIT)";
				CLANG_CXX_LANGUAGE_STANDARD = "gnu++0x";
				CLANG_CXX_LIBRARY = "libc++";
				CLANG_ENABLE_MODULES = YES;
				CLANG_ENABLE_OBJC_ARC = YES;
				CLANG_WARN_BOOL_CONVERSION = YES;
				CLANG_WARN_CONSTANT_CONVERSION = YES;
				CLANG_WARN_DIRECT_OBJC_ISA_USAGE = YES_ERROR;
				CLANG_WARN_EMPTY_BODY = YES;
				CLANG_WARN_ENUM_CONVERSION = YES;
				CLANG_WARN_INT_CONVERSION = YES;
				CLANG_WARN_OBJC_ROOT_CLASS = YES_ERROR;
				CLANG_WARN__DUPLICATE_METHOD_MATCH = YES;
				"CODE_SIGN_IDENTITY[sdk=iphoneos*]" = "iPhone Developer";
				COPY_PHASE_STRIP = YES;
				ENABLE_NS_ASSERTIONS = NO;
				GCC_C_LANGUAGE_STANDARD = gnu99;
				GCC_WARN_64_TO_32_BIT_CONVERSION = YES;
				GCC_WARN_ABOUT_RETURN_TYPE = YES_ERROR;
				GCC_WARN_UNDECLARED_SELECTOR = YES;
				GCC_WARN_UNINITIALIZED_AUTOS = YES;
				GCC_WARN_UNUSED_FUNCTION = YES;
				GCC_WARN_UNUSED_VARIABLE = YES;
				IPHONEOS_DEPLOYMENT_TARGET = 7.0;
				SDKROOT = iphoneos;
				VALIDATE_PRODUCT = YES;
			};
			name = Release;
		};
		2E189E9D184E25C000FDDCBB /* Debug */ = {
			isa = XCBuildConfiguration;
			buildSettings = {
				ASSETCATALOG_COMPILER_APPICON_NAME = AppIcon;
				ASSETCATALOG_COMPILER_LAUNCHIMAGE_NAME = LaunchImage;
				GCC_PRECOMPILE_PREFIX_HEADER = YES;
				GCC_PREFIX_HEADER = "HotelProject/HotelProject-Prefix.pch";
				INFOPLIST_FILE = "HotelProject/HotelProject-Info.plist";
				IPHONEOS_DEPLOYMENT_TARGET = 6.0;
				PRODUCT_NAME = "$(TARGET_NAME)";
				WRAPPER_EXTENSION = app;
			};
			name = Debug;
		};
		2E189E9E184E25C000FDDCBB /* Release */ = {
			isa = XCBuildConfiguration;
			buildSettings = {
				ASSETCATALOG_COMPILER_APPICON_NAME = AppIcon;
				ASSETCATALOG_COMPILER_LAUNCHIMAGE_NAME = LaunchImage;
				GCC_PRECOMPILE_PREFIX_HEADER = YES;
				GCC_PREFIX_HEADER = "HotelProject/HotelProject-Prefix.pch";
				INFOPLIST_FILE = "HotelProject/HotelProject-Info.plist";
				IPHONEOS_DEPLOYMENT_TARGET = 6.0;
				PRODUCT_NAME = "$(TARGET_NAME)";
				WRAPPER_EXTENSION = app;
			};
			name = Release;
		};
		2E189EA0184E25C000FDDCBB /* Debug */ = {
			isa = XCBuildConfiguration;
			buildSettings = {
				ARCHS = "$(ARCHS_STANDARD_INCLUDING_64_BIT)";
				BUNDLE_LOADER = "$(BUILT_PRODUCTS_DIR)/HotelProject.app/HotelProject";
				FRAMEWORK_SEARCH_PATHS = (
					"$(SDKROOT)/Developer/Library/Frameworks",
					"$(inherited)",
					"$(DEVELOPER_FRAMEWORKS_DIR)",
				);
				GCC_PRECOMPILE_PREFIX_HEADER = YES;
				GCC_PREFIX_HEADER = "HotelProject/HotelProject-Prefix.pch";
				GCC_PREPROCESSOR_DEFINITIONS = (
					"DEBUG=1",
					"$(inherited)",
				);
				INFOPLIST_FILE = "HotelProjectTests/HotelProjectTests-Info.plist";
				PRODUCT_NAME = "$(TARGET_NAME)";
				TEST_HOST = "$(BUNDLE_LOADER)";
				WRAPPER_EXTENSION = xctest;
			};
			name = Debug;
		};
		2E189EA1184E25C000FDDCBB /* Release */ = {
			isa = XCBuildConfiguration;
			buildSettings = {
				ARCHS = "$(ARCHS_STANDARD_INCLUDING_64_BIT)";
				BUNDLE_LOADER = "$(BUILT_PRODUCTS_DIR)/HotelProject.app/HotelProject";
				FRAMEWORK_SEARCH_PATHS = (
					"$(SDKROOT)/Developer/Library/Frameworks",
					"$(inherited)",
					"$(DEVELOPER_FRAMEWORKS_DIR)",
				);
				GCC_PRECOMPILE_PREFIX_HEADER = YES;
				GCC_PREFIX_HEADER = "HotelProject/HotelProject-Prefix.pch";
				INFOPLIST_FILE = "HotelProjectTests/HotelProjectTests-Info.plist";
				PRODUCT_NAME = "$(TARGET_NAME)";
				TEST_HOST = "$(BUNDLE_LOADER)";
				WRAPPER_EXTENSION = xctest;
			};
			name = Release;
		};
/* End XCBuildConfiguration section */

/* Begin XCConfigurationList section */
		2E189E65184E25C000FDDCBB /* Build configuration list for PBXProject "HotelProject" */ = {
			isa = XCConfigurationList;
			buildConfigurations = (
				2E189E9A184E25C000FDDCBB /* Debug */,
				2E189E9B184E25C000FDDCBB /* Release */,
			);
			defaultConfigurationIsVisible = 0;
			defaultConfigurationName = Release;
		};
		2E189E9C184E25C000FDDCBB /* Build configuration list for PBXNativeTarget "HotelProject" */ = {
			isa = XCConfigurationList;
			buildConfigurations = (
				2E189E9D184E25C000FDDCBB /* Debug */,
				2E189E9E184E25C000FDDCBB /* Release */,
			);
			defaultConfigurationIsVisible = 0;
			defaultConfigurationName = Release;
		};
		2E189E9F184E25C000FDDCBB /* Build configuration list for PBXNativeTarget "HotelProjectTests" */ = {
			isa = XCConfigurationList;
			buildConfigurations = (
				2E189EA0184E25C000FDDCBB /* Debug */,
				2E189EA1184E25C000FDDCBB /* Release */,
			);
			defaultConfigurationIsVisible = 0;
			defaultConfigurationName = Release;
		};
/* End XCConfigurationList section */
	};
	rootObject = 2E189E62184E25C000FDDCBB /* Project object */;
}
